
Microsoft Visual Studio Solution File, Format Version 12.00
# Visual Studio 15
VisualStudioVersion = 15.0.26730.16
MinimumVisualStudioVersion = 10.0.40219.1
Project("{9A19103F-16F7-4668-BE54-9A1E7A4F7556}") = "re-koa", "re-koa\re-koa.csproj", "{A22D6338-110E-4E18-9BCB-D57E938ED840}"
EndProject
Project("{9A19103F-16F7-4668-BE54-9A1E7A4F7556}") = "re-koa-test", "re-koa-test\re-koa-test.csproj", "{D760BC1E-6BD8-4156-B916-4870A51EA571}"
EndProject
Project("{FAE04EC0-301F-11D3-BF4B-00C04F79EFBC}") = "SampleWebApplication", "SampleWebApplication\SampleWebApplication.csproj", "{DA3D2861-A1C1-458E-8654-683B8F100F7B}"
EndProject
Global
	GlobalSection(SolutionConfigurationPlatforms) = preSolution
		Debug|Any CPU = Debug|Any CPU
		Release|Any CPU = Release|Any CPU
	EndGlobalSection
	GlobalSection(ProjectConfigurationPlatforms) = postSolution
		{A22D6338-110E-4E18-9BCB-D57E938ED840}.Debug|Any CPU.ActiveCfg = Debug|Any CPU
		{A22D6338-110E-4E18-9BCB-D57E938ED840}.Debug|Any CPU.Build.0 = Debug|Any CPU
		{A22D6338-110E-4E18-9BCB-D57E938ED840}.Release|Any CPU.ActiveCfg = Release|Any CPU
		{A22D6338-110E-4E18-9BCB-D57E938ED840}.Release|Any CPU.Build.0 = Release|Any CPU
		{D760BC1E-6BD8-4156-B916-4870A51EA571}.Debug|Any CPU.ActiveCfg = Debug|Any CPU
		{D760BC1E-6BD8-4156-B916-4870A51EA571}.Debug|Any CPU.Build.0 = Debug|Any CPU
		{D760BC1E-6BD8-4156-B916-4870A51EA571}.Release|Any CPU.ActiveCfg = Release|Any CPU
		{D760BC1E-6BD8-4156-B916-4870A51EA571}.Release|Any CPU.Build.0 = Release|Any CPU
		{DA3D2861-A1C1-458E-8654-683B8F100F7B}.Debug|Any CPU.ActiveCfg = Debug|Any CPU
		{DA3D2861-A1C1-458E-8654-683B8F100F7B}.Debug|Any CPU.Build.0 = Debug|Any CPU
		{DA3D2861-A1C1-458E-8654-683B8F100F7B}.Release|Any CPU.ActiveCfg = Release|Any CPU
		{DA3D2861-A1C1-458E-8654-683B8F100F7B}.Release|Any CPU.Build.0 = Release|Any CPU
	EndGlobalSection
	GlobalSection(SolutionProperties) = preSolution
		HideSolutionNode = FALSE
	EndGlobalSection
	GlobalSection(ExtensibilityGlobals) = postSolution
		SolutionGuid = {8328FC0D-2178-4C8D-B180-F6F7D66D6F03}
	EndGlobalSection
EndGlobal
